
Microsoft Visual Studio Solution File, Format Version 12.00
# Visual Studio Version 16
VisualStudioVersion = 16.0.31005.135
MinimumVisualStudioVersion = 10.0.40219.1
Project("{9A19103F-16F7-4668-BE54-9A1E7A4F7556}") = "iMORPHr.JellyFishTank.Client", "ConsoleApp1\iMORPHr.JellyFishTank.Client.csproj", "{3BA91B1B-D922-4CE2-A6C7-E3B084C40FA0}"
EndProject
Project("{9A19103F-16F7-4668-BE54-9A1E7A4F7556}") = "iMORPHr.JellyFishTank.Contract", "iMORPHr.JellyFishTank.Contract\iMORPHr.JellyFishTank.Contract.csproj", "{DAD98E1F-C6EC-4B27-849E-9617EA10CA3D}"
EndProject
Project("{FAE04EC0-301F-11D3-BF4B-00C04F79EFBC}") = "iMORPHr.JellyFishTank.Test", "iMORPHr.JellyFishTank.Test\iMORPHr.JellyFishTank.Test.csproj", "{42D9D17F-C77B-4404-A368-75E59FCFDEFD}"
EndProject
Global
	GlobalSection(SolutionConfigurationPlatforms) = preSolution
		Debug|Any CPU = Debug|Any CPU
		Release|Any CPU = Release|Any CPU
	EndGlobalSection
	GlobalSection(ProjectConfigurationPlatforms) = postSolution
		{3BA91B1B-D922-4CE2-A6C7-E3B084C40FA0}.Debug|Any CPU.ActiveCfg = Debug|Any CPU
		{3BA91B1B-D922-4CE2-A6C7-E3B084C40FA0}.Debug|Any CPU.Build.0 = Debug|Any CPU
		{3BA91B1B-D922-4CE2-A6C7-E3B084C40FA0}.Release|Any CPU.ActiveCfg = Release|Any CPU
		{3BA91B1B-D922-4CE2-A6C7-E3B084C40FA0}.Release|Any CPU.Build.0 = Release|Any CPU
		{DAD98E1F-C6EC-4B27-849E-9617EA10CA3D}.Debug|Any CPU.ActiveCfg = Debug|Any CPU
		{DAD98E1F-C6EC-4B27-849E-9617EA10CA3D}.Debug|Any CPU.Build.0 = Debug|Any CPU
		{DAD98E1F-C6EC-4B27-849E-9617EA10CA3D}.Release|Any CPU.ActiveCfg = Release|Any CPU
		{DAD98E1F-C6EC-4B27-849E-9617EA10CA3D}.Release|Any CPU.Build.0 = Release|Any CPU
		{42D9D17F-C77B-4404-A368-75E59FCFDEFD}.Debug|Any CPU.ActiveCfg = Debug|Any CPU
		{42D9D17F-C77B-4404-A368-75E59FCFDEFD}.Debug|Any CPU.Build.0 = Debug|Any CPU
		{42D9D17F-C77B-4404-A368-75E59FCFDEFD}.Release|Any CPU.ActiveCfg = Release|Any CPU
		{42D9D17F-C77B-4404-A368-75E59FCFDEFD}.Release|Any CPU.Build.0 = Release|Any CPU
	EndGlobalSection
	GlobalSection(SolutionProperties) = preSolution
		HideSolutionNode = FALSE
	EndGlobalSection
	GlobalSection(ExtensibilityGlobals) = postSolution
		SolutionGuid = {FD08EC51-0850-4EDA-9FDC-F769487A66FC}
	EndGlobalSection
EndGlobal
